// !$*UTF8*$!
{
	archiveVersion = 1;
	classes = {
	};
	objectVersion = 56;
	objects = {

/* Begin PBXBuildFile section */
		CD33E1E22A653D4A00B34C74 /* ComposableArchitecture in Frameworks */ = {isa = PBXBuildFile; productRef = CD33E1E12A653D4A00B34C74 /* ComposableArchitecture */; };
		CD33E1E42A6552CA00B34C74 /* RoleSelectionFeature in Frameworks */ = {isa = PBXBuildFile; productRef = CD33E1E32A6552CA00B34C74 /* RoleSelectionFeature */; };
		CD33E1E62A655E1A00B34C74 /* LibraryClient in Frameworks */ = {isa = PBXBuildFile; productRef = CD33E1E52A655E1A00B34C74 /* LibraryClient */; };
		CD33E1E82A655E7700B34C74 /* MusicManager in Frameworks */ = {isa = PBXBuildFile; productRef = CD33E1E72A655E7700B34C74 /* MusicManager */; };
		CD6F39EE2A605A4700D53C43 /* Musync in Frameworks */ = {isa = PBXBuildFile; productRef = CD6F39ED2A605A4700D53C43 /* Musync */; };
		CD6F39F12A60FDDE00D53C43 /* GuestView.swift in Sources */ = {isa = PBXBuildFile; fileRef = CD6F39F02A60FDDE00D53C43 /* GuestView.swift */; };
		CD6F39F32A61189300D53C43 /* HostView.swift in Sources */ = {isa = PBXBuildFile; fileRef = CD6F39F22A61189300D53C43 /* HostView.swift */; };
		CDB041712A60584E00FCF778 /* MusyncApp.swift in Sources */ = {isa = PBXBuildFile; fileRef = CDB041702A60584E00FCF778 /* MusyncApp.swift */; };
		CDB041732A60584E00FCF778 /* ContentView.swift in Sources */ = {isa = PBXBuildFile; fileRef = CDB041722A60584E00FCF778 /* ContentView.swift */; };
		CDB041752A60584F00FCF778 /* Assets.xcassets in Resources */ = {isa = PBXBuildFile; fileRef = CDB041742A60584F00FCF778 /* Assets.xcassets */; };
		CDB041782A60584F00FCF778 /* Preview Assets.xcassets in Resources */ = {isa = PBXBuildFile; fileRef = CDB041772A60584F00FCF778 /* Preview Assets.xcassets */; };
		CDE99DE22A61DAE600921AB3 /* ConnectivityManager in Frameworks */ = {isa = PBXBuildFile; productRef = CDE99DE12A61DAE600921AB3 /* ConnectivityManager */; };
/* End PBXBuildFile section */

/* Begin PBXFileReference section */
		CD6F39EB2A605A1700D53C43 /* MusyncSource */ = {isa = PBXFileReference; lastKnownFileType = wrapper; path = MusyncSource; sourceTree = "<group>"; };
		CD6F39EF2A606C0400D53C43 /* Info.plist */ = {isa = PBXFileReference; lastKnownFileType = text.plist; path = Info.plist; sourceTree = "<group>"; };
		CD6F39F02A60FDDE00D53C43 /* GuestView.swift */ = {isa = PBXFileReference; lastKnownFileType = sourcecode.swift; path = GuestView.swift; sourceTree = "<group>"; };
		CD6F39F22A61189300D53C43 /* HostView.swift */ = {isa = PBXFileReference; fileEncoding = 4; lastKnownFileType = sourcecode.swift; path = HostView.swift; sourceTree = "<group>"; };
		CDB0416D2A60584E00FCF778 /* Musync_iOS.app */ = {isa = PBXFileReference; explicitFileType = wrapper.application; includeInIndex = 0; path = Musync_iOS.app; sourceTree = BUILT_PRODUCTS_DIR; };
		CDB041702A60584E00FCF778 /* MusyncApp.swift */ = {isa = PBXFileReference; lastKnownFileType = sourcecode.swift; path = MusyncApp.swift; sourceTree = "<group>"; };
		CDB041722A60584E00FCF778 /* ContentView.swift */ = {isa = PBXFileReference; lastKnownFileType = sourcecode.swift; path = ContentView.swift; sourceTree = "<group>"; };
		CDB041742A60584F00FCF778 /* Assets.xcassets */ = {isa = PBXFileReference; lastKnownFileType = folder.assetcatalog; path = Assets.xcassets; sourceTree = "<group>"; };
		CDB041772A60584F00FCF778 /* Preview Assets.xcassets */ = {isa = PBXFileReference; lastKnownFileType = folder.assetcatalog; path = "Preview Assets.xcassets"; sourceTree = "<group>"; };
/* End PBXFileReference section */

/* Begin PBXFrameworksBuildPhase section */
		CDB0416A2A60584E00FCF778 /* Frameworks */ = {
			isa = PBXFrameworksBuildPhase;
			buildActionMask = 2147483647;
			files = (
				CD33E1E62A655E1A00B34C74 /* LibraryClient in Frameworks */,
				CD33E1E42A6552CA00B34C74 /* RoleSelectionFeature in Frameworks */,
				CDE99DE22A61DAE600921AB3 /* ConnectivityManager in Frameworks */,
				CD6F39EE2A605A4700D53C43 /* Musync in Frameworks */,
				CD33E1E82A655E7700B34C74 /* MusicManager in Frameworks */,
				CD33E1E22A653D4A00B34C74 /* ComposableArchitecture in Frameworks */,
			);
			runOnlyForDeploymentPostprocessing = 0;
		};
/* End PBXFrameworksBuildPhase section */

/* Begin PBXGroup section */
		CD6F39EC2A605A4700D53C43 /* Frameworks */ = {
			isa = PBXGroup;
			children = (
			);
			name = Frameworks;
			sourceTree = "<group>";
		};
		CDB041642A60584E00FCF778 = {
			isa = PBXGroup;
			children = (
				CDB0417E2A6058F700FCF778 /* Packages */,
				CDB0416F2A60584E00FCF778 /* Musync */,
				CDB0416E2A60584E00FCF778 /* Products */,
				CD6F39EC2A605A4700D53C43 /* Frameworks */,
			);
			sourceTree = "<group>";
		};
		CDB0416E2A60584E00FCF778 /* Products */ = {
			isa = PBXGroup;
			children = (
				CDB0416D2A60584E00FCF778 /* Musync_iOS.app */,
			);
			name = Products;
			sourceTree = "<group>";
		};
		CDB0416F2A60584E00FCF778 /* Musync */ = {
			isa = PBXGroup;
			children = (
				CD6F39EF2A606C0400D53C43 /* Info.plist */,
				CDB041702A60584E00FCF778 /* MusyncApp.swift */,
				CDB041722A60584E00FCF778 /* ContentView.swift */,
				CDB041742A60584F00FCF778 /* Assets.xcassets */,
				CDB041762A60584F00FCF778 /* Preview Content */,
				CD6F39F02A60FDDE00D53C43 /* GuestView.swift */,
				CD6F39F22A61189300D53C43 /* HostView.swift */,
			);
			path = Musync;
			sourceTree = "<group>";
		};
		CDB041762A60584F00FCF778 /* Preview Content */ = {
			isa = PBXGroup;
			children = (
				CDB041772A60584F00FCF778 /* Preview Assets.xcassets */,
			);
			path = "Preview Content";
			sourceTree = "<group>";
		};
		CDB0417E2A6058F700FCF778 /* Packages */ = {
			isa = PBXGroup;
			children = (
				CD6F39EB2A605A1700D53C43 /* MusyncSource */,
			);
			name = Packages;
			sourceTree = "<group>";
		};
/* End PBXGroup section */

/* Begin PBXNativeTarget section */
		CDB0416C2A60584E00FCF778 /* Musync_iOS */ = {
			isa = PBXNativeTarget;
			buildConfigurationList = CDB0417B2A60584F00FCF778 /* Build configuration list for PBXNativeTarget "Musync_iOS" */;
			buildPhases = (
				CDB041692A60584E00FCF778 /* Sources */,
				CDB0416A2A60584E00FCF778 /* Frameworks */,
				CDB0416B2A60584E00FCF778 /* Resources */,
			);
			buildRules = (
			);
			dependencies = (
			);
			name = Musync_iOS;
			packageProductDependencies = (
				CD6F39ED2A605A4700D53C43 /* Musync */,
				CDE99DE12A61DAE600921AB3 /* ConnectivityManager */,
				CD33E1E12A653D4A00B34C74 /* ComposableArchitecture */,
				CD33E1E32A6552CA00B34C74 /* RoleSelectionFeature */,
				CD33E1E52A655E1A00B34C74 /* LibraryClient */,
				CD33E1E72A655E7700B34C74 /* MusicManager */,
			);
			productName = Musync;
			productReference = CDB0416D2A60584E00FCF778 /* Musync_iOS.app */;
			productType = "com.apple.product-type.application";
		};
/* End PBXNativeTarget section */

/* Begin PBXProject section */
		CDB041652A60584E00FCF778 /* Project object */ = {
			isa = PBXProject;
			attributes = {
				BuildIndependentTargetsInParallel = 1;
				LastSwiftUpdateCheck = 1430;
				LastUpgradeCheck = 1430;
				TargetAttributes = {
					CDB0416C2A60584E00FCF778 = {
						CreatedOnToolsVersion = 14.3.1;
					};
				};
			};
			buildConfigurationList = CDB041682A60584E00FCF778 /* Build configuration list for PBXProject "Musync" */;
			compatibilityVersion = "Xcode 14.0";
			developmentRegion = en;
			hasScannedForEncodings = 0;
			knownRegions = (
				en,
				Base,
			);
			mainGroup = CDB041642A60584E00FCF778;
			packageReferences = (
				CD33E1E02A653D4A00B34C74 /* XCRemoteSwiftPackageReference "swift-composable-architecture" */,
			);
			productRefGroup = CDB0416E2A60584E00FCF778 /* Products */;
			projectDirPath = "";
			projectRoot = "";
			targets = (
				CDB0416C2A60584E00FCF778 /* Musync_iOS */,
			);
		};
/* End PBXProject section */

/* Begin PBXResourcesBuildPhase section */
		CDB0416B2A60584E00FCF778 /* Resources */ = {
			isa = PBXResourcesBuildPhase;
			buildActionMask = 2147483647;
			files = (
				CDB041782A60584F00FCF778 /* Preview Assets.xcassets in Resources */,
				CDB041752A60584F00FCF778 /* Assets.xcassets in Resources */,
			);
			runOnlyForDeploymentPostprocessing = 0;
		};
/* End PBXResourcesBuildPhase section */

/* Begin PBXSourcesBuildPhase section */
		CDB041692A60584E00FCF778 /* Sources */ = {
			isa = PBXSourcesBuildPhase;
			buildActionMask = 2147483647;
			files = (
				CD6F39F12A60FDDE00D53C43 /* GuestView.swift in Sources */,
				CDB041732A60584E00FCF778 /* ContentView.swift in Sources */,
				CD6F39F32A61189300D53C43 /* HostView.swift in Sources */,
				CDB041712A60584E00FCF778 /* MusyncApp.swift in Sources */,
			);
			runOnlyForDeploymentPostprocessing = 0;
		};
/* End PBXSourcesBuildPhase section */

/* Begin XCBuildConfiguration section */
		CDB041792A60584F00FCF778 /* Debug */ = {
			isa = XCBuildConfiguration;
			buildSettings = {
				ALWAYS_SEARCH_USER_PATHS = NO;
				CLANG_ANALYZER_NONNULL = YES;
				CLANG_ANALYZER_NUMBER_OBJECT_CONVERSION = YES_AGGRESSIVE;
				CLANG_CXX_LANGUAGE_STANDARD = "gnu++20";
				CLANG_ENABLE_MODULES = YES;
				CLANG_ENABLE_OBJC_ARC = YES;
				CLANG_ENABLE_OBJC_WEAK = YES;
				CLANG_WARN_BLOCK_CAPTURE_AUTORELEASING = YES;
				CLANG_WARN_BOOL_CONVERSION = YES;
				CLANG_WARN_COMMA = YES;
				CLANG_WARN_CONSTANT_CONVERSION = YES;
				CLANG_WARN_DEPRECATED_OBJC_IMPLEMENTATIONS = YES;
				CLANG_WARN_DIRECT_OBJC_ISA_USAGE = YES_ERROR;
				CLANG_WARN_DOCUMENTATION_COMMENTS = YES;
				CLANG_WARN_EMPTY_BODY = YES;
				CLANG_WARN_ENUM_CONVERSION = YES;
				CLANG_WARN_INFINITE_RECURSION = YES;
				CLANG_WARN_INT_CONVERSION = YES;
				CLANG_WARN_NON_LITERAL_NULL_CONVERSION = YES;
				CLANG_WARN_OBJC_IMPLICIT_RETAIN_SELF = YES;
				CLANG_WARN_OBJC_LITERAL_CONVERSION = YES;
				CLANG_WARN_OBJC_ROOT_CLASS = YES_ERROR;
				CLANG_WARN_QUOTED_INCLUDE_IN_FRAMEWORK_HEADER = YES;
				CLANG_WARN_RANGE_LOOP_ANALYSIS = YES;
				CLANG_WARN_STRICT_PROTOTYPES = YES;
				CLANG_WARN_SUSPICIOUS_MOVE = YES;
				CLANG_WARN_UNGUARDED_AVAILABILITY = YES_AGGRESSIVE;
				CLANG_WARN_UNREACHABLE_CODE = YES;
				CLANG_WARN__DUPLICATE_METHOD_MATCH = YES;
				COPY_PHASE_STRIP = NO;
				DEBUG_INFORMATION_FORMAT = dwarf;
				ENABLE_STRICT_OBJC_MSGSEND = YES;
				ENABLE_TESTABILITY = YES;
				GCC_C_LANGUAGE_STANDARD = gnu11;
				GCC_DYNAMIC_NO_PIC = NO;
				GCC_NO_COMMON_BLOCKS = YES;
				GCC_OPTIMIZATION_LEVEL = 0;
				GCC_PREPROCESSOR_DEFINITIONS = (
					"DEBUG=1",
					"$(inherited)",
				);
				GCC_WARN_64_TO_32_BIT_CONVERSION = YES;
				GCC_WARN_ABOUT_RETURN_TYPE = YES_ERROR;
				GCC_WARN_UNDECLARED_SELECTOR = YES;
				GCC_WARN_UNINITIALIZED_AUTOS = YES_AGGRESSIVE;
				GCC_WARN_UNUSED_FUNCTION = YES;
				GCC_WARN_UNUSED_VARIABLE = YES;
				IPHONEOS_DEPLOYMENT_TARGET = 16.4;
				MTL_ENABLE_DEBUG_INFO = INCLUDE_SOURCE;
				MTL_FAST_MATH = YES;
				ONLY_ACTIVE_ARCH = YES;
				SDKROOT = iphoneos;
				SWIFT_ACTIVE_COMPILATION_CONDITIONS = DEBUG;
				SWIFT_OPTIMIZATION_LEVEL = "-Onone";
			};
			name = Debug;
		};
		CDB0417A2A60584F00FCF778 /* Release */ = {
			isa = XCBuildConfiguration;
			buildSettings = {
				ALWAYS_SEARCH_USER_PATHS = NO;
				CLANG_ANALYZER_NONNULL = YES;
				CLANG_ANALYZER_NUMBER_OBJECT_CONVERSION = YES_AGGRESSIVE;
				CLANG_CXX_LANGUAGE_STANDARD = "gnu++20";
				CLANG_ENABLE_MODULES = YES;
				CLANG_ENABLE_OBJC_ARC = YES;
				CLANG_ENABLE_OBJC_WEAK = YES;
				CLANG_WARN_BLOCK_CAPTURE_AUTORELEASING = YES;
				CLANG_WARN_BOOL_CONVERSION = YES;
				CLANG_WARN_COMMA = YES;
				CLANG_WARN_CONSTANT_CONVERSION = YES;
				CLANG_WARN_DEPRECATED_OBJC_IMPLEMENTATIONS = YES;
				CLANG_WARN_DIRECT_OBJC_ISA_USAGE = YES_ERROR;
				CLANG_WARN_DOCUMENTATION_COMMENTS = YES;
				CLANG_WARN_EMPTY_BODY = YES;
				CLANG_WARN_ENUM_CONVERSION = YES;
				CLANG_WARN_INFINITE_RECURSION = YES;
				CLANG_WARN_INT_CONVERSION = YES;
				CLANG_WARN_NON_LITERAL_NULL_CONVERSION = YES;
				CLANG_WARN_OBJC_IMPLICIT_RETAIN_SELF = YES;
				CLANG_WARN_OBJC_LITERAL_CONVERSION = YES;
				CLANG_WARN_OBJC_ROOT_CLASS = YES_ERROR;
				CLANG_WARN_QUOTED_INCLUDE_IN_FRAMEWORK_HEADER = YES;
				CLANG_WARN_RANGE_LOOP_ANALYSIS = YES;
				CLANG_WARN_STRICT_PROTOTYPES = YES;
				CLANG_WARN_SUSPICIOUS_MOVE = YES;
				CLANG_WARN_UNGUARDED_AVAILABILITY = YES_AGGRESSIVE;
				CLANG_WARN_UNREACHABLE_CODE = YES;
				CLANG_WARN__DUPLICATE_METHOD_MATCH = YES;
				COPY_PHASE_STRIP = NO;
				DEBUG_INFORMATION_FORMAT = "dwarf-with-dsym";
				ENABLE_NS_ASSERTIONS = NO;
				ENABLE_STRICT_OBJC_MSGSEND = YES;
				GCC_C_LANGUAGE_STANDARD = gnu11;
				GCC_NO_COMMON_BLOCKS = YES;
				GCC_WARN_64_TO_32_BIT_CONVERSION = YES;
				GCC_WARN_ABOUT_RETURN_TYPE = YES_ERROR;
				GCC_WARN_UNDECLARED_SELECTOR = YES;
				GCC_WARN_UNINITIALIZED_AUTOS = YES_AGGRESSIVE;
				GCC_WARN_UNUSED_FUNCTION = YES;
				GCC_WARN_UNUSED_VARIABLE = YES;
				IPHONEOS_DEPLOYMENT_TARGET = 16.4;
				MTL_ENABLE_DEBUG_INFO = NO;
				MTL_FAST_MATH = YES;
				SDKROOT = iphoneos;
				SWIFT_COMPILATION_MODE = wholemodule;
				SWIFT_OPTIMIZATION_LEVEL = "-O";
				VALIDATE_PRODUCT = YES;
			};
			name = Release;
		};
		CDB0417C2A60584F00FCF778 /* Debug */ = {
			isa = XCBuildConfiguration;
			buildSettings = {
				ASSETCATALOG_COMPILER_APPICON_NAME = AppIcon;
				ASSETCATALOG_COMPILER_GLOBAL_ACCENT_COLOR_NAME = AccentColor;
				CODE_SIGN_STYLE = Automatic;
				CURRENT_PROJECT_VERSION = 1;
				DEVELOPMENT_ASSET_PATHS = "\"Musync/Preview Content\"";
				DEVELOPMENT_TEAM = 57Z9KVXBQ7;
				ENABLE_PREVIEWS = YES;
				GENERATE_INFOPLIST_FILE = YES;
				INFOPLIST_FILE = Musync/Info.plist;
				INFOPLIST_KEY_NSAppleMusicUsageDescription = "Give me access please, I need your data!!!!";
				INFOPLIST_KEY_NSLocalNetworkUsageDescription = "This app need network to communicate with other devices";
				INFOPLIST_KEY_UIApplicationSceneManifest_Generation = YES;
				INFOPLIST_KEY_UIApplicationSupportsIndirectInputEvents = YES;
				INFOPLIST_KEY_UILaunchScreen_Generation = YES;
				INFOPLIST_KEY_UISupportedInterfaceOrientations_iPad = "UIInterfaceOrientationPortrait UIInterfaceOrientationPortraitUpsideDown UIInterfaceOrientationLandscapeLeft UIInterfaceOrientationLandscapeRight";
				INFOPLIST_KEY_UISupportedInterfaceOrientations_iPhone = "UIInterfaceOrientationPortrait UIInterfaceOrientationLandscapeLeft UIInterfaceOrientationLandscapeRight";
				IPHONEOS_DEPLOYMENT_TARGET = 16.0;
				LD_RUNPATH_SEARCH_PATHS = (
					"$(inherited)",
					"@executable_path/Frameworks",
				);
				MARKETING_VERSION = 1.0;
				PRODUCT_BUNDLE_IDENTIFIER = com.ricciard.Musync;
				PRODUCT_NAME = "$(TARGET_NAME)";
				SWIFT_EMIT_LOC_STRINGS = YES;
				SWIFT_VERSION = 5.0;
				TARGETED_DEVICE_FAMILY = "1,2";
			};
			name = Debug;
		};
		CDB0417D2A60584F00FCF778 /* Release */ = {
			isa = XCBuildConfiguration;
			buildSettings = {
				ASSETCATALOG_COMPILER_APPICON_NAME = AppIcon;
				ASSETCATALOG_COMPILER_GLOBAL_ACCENT_COLOR_NAME = AccentColor;
				CODE_SIGN_STYLE = Automatic;
				CURRENT_PROJECT_VERSION = 1;
				DEVELOPMENT_ASSET_PATHS = "\"Musync/Preview Content\"";
				DEVELOPMENT_TEAM = 57Z9KVXBQ7;
				ENABLE_PREVIEWS = YES;
				GENERATE_INFOPLIST_FILE = YES;
				INFOPLIST_FILE = Musync/Info.plist;
				INFOPLIST_KEY_NSAppleMusicUsageDescription = "Give me access please, I need your data!!!!";
				INFOPLIST_KEY_NSLocalNetworkUsageDescription = "This app need network to communicate with other devices";
				INFOPLIST_KEY_UIApplicationSceneManifest_Generation = YES;
				INFOPLIST_KEY_UIApplicationSupportsIndirectInputEvents = YES;
				INFOPLIST_KEY_UILaunchScreen_Generation = YES;
				INFOPLIST_KEY_UISupportedInterfaceOrientations_iPad = "UIInterfaceOrientationPortrait UIInterfaceOrientationPortraitUpsideDown UIInterfaceOrientationLandscapeLeft UIInterfaceOrientationLandscapeRight";
				INFOPLIST_KEY_UISupportedInterfaceOrientations_iPhone = "UIInterfaceOrientationPortrait UIInterfaceOrientationLandscapeLeft UIInterfaceOrientationLandscapeRight";
				IPHONEOS_DEPLOYMENT_TARGET = 16.0;
				LD_RUNPATH_SEARCH_PATHS = (
					"$(inherited)",
					"@executable_path/Frameworks",
				);
				MARKETING_VERSION = 1.0;
				PRODUCT_BUNDLE_IDENTIFIER = com.ricciard.Musync;
				PRODUCT_NAME = "$(TARGET_NAME)";
				SWIFT_EMIT_LOC_STRINGS = YES;
				SWIFT_VERSION = 5.0;
				TARGETED_DEVICE_FAMILY = "1,2";
			};
			name = Release;
		};
/* End XCBuildConfiguration section */

/* Begin XCConfigurationList section */
		CDB041682A60584E00FCF778 /* Build configuration list for PBXProject "Musync" */ = {
			isa = XCConfigurationList;
			buildConfigurations = (
				CDB041792A60584F00FCF778 /* Debug */,
				CDB0417A2A60584F00FCF778 /* Release */,
			);
			defaultConfigurationIsVisible = 0;
			defaultConfigurationName = Release;
		};
		CDB0417B2A60584F00FCF778 /* Build configuration list for PBXNativeTarget "Musync_iOS" */ = {
			isa = XCConfigurationList;
			buildConfigurations = (
				CDB0417C2A60584F00FCF778 /* Debug */,
				CDB0417D2A60584F00FCF778 /* Release */,
			);
			defaultConfigurationIsVisible = 0;
			defaultConfigurationName = Release;
		};
/* End XCConfigurationList section */

/* Begin XCRemoteSwiftPackageReference section */
		CD33E1E02A653D4A00B34C74 /* XCRemoteSwiftPackageReference "swift-composable-architecture" */ = {
			isa = XCRemoteSwiftPackageReference;
			repositoryURL = "https://github.com/pointfreeco/swift-composable-architecture";
			requirement = {
				branch = prerelease/1.0;
				kind = branch;
			};
		};
/* End XCRemoteSwiftPackageReference section */

/* Begin XCSwiftPackageProductDependency section */
		CD33E1E12A653D4A00B34C74 /* ComposableArchitecture */ = {
			isa = XCSwiftPackageProductDependency;
			package = CD33E1E02A653D4A00B34C74 /* XCRemoteSwiftPackageReference "swift-composable-architecture" */;
			productName = ComposableArchitecture;
		};
		CD33E1E32A6552CA00B34C74 /* RoleSelectionFeature */ = {
			isa = XCSwiftPackageProductDependency;
			productName = RoleSelectionFeature;
		};
		CD33E1E52A655E1A00B34C74 /* LibraryClient */ = {
			isa = XCSwiftPackageProductDependency;
			productName = LibraryClient;
		};
		CD33E1E72A655E7700B34C74 /* MusicManager */ = {
			isa = XCSwiftPackageProductDependency;
			productName = MusicManager;
		};
		CD6F39ED2A605A4700D53C43 /* Musync */ = {
			isa = XCSwiftPackageProductDependency;
			productName = Musync;
		};
		CDE99DE12A61DAE600921AB3 /* ConnectivityManager */ = {
			isa = XCSwiftPackageProductDependency;
			productName = ConnectivityManager;
		};
/* End XCSwiftPackageProductDependency section */
	};
	rootObject = CDB041652A60584E00FCF778 /* Project object */;
}
